PODS:
  - FSCalendar (2.8.4)
  - Realm (10.42.0):
    - Realm/Headers (= 10.42.0)
  - Realm/Headers (10.42.0)
  - RealmSwift (10.42.0):
    - Realm (= 10.42.0)

DEPENDENCIES:
  - FSCalendar
  - RealmSwift

SPEC REPOS:
  trunk:
    - FSCalendar
    - Realm
    - RealmSwift

SPEC CHECKSUMS:
  FSCalendar: 2d1d0d9398f12d439f55c1fe0f01525b151b8260
  Realm: 490aad28f1360e58fc22256d5d686d3a36525346
  RealmSwift: f6a9b56d747bbdd7931de1835896c5f024b6898a

PODFILE CHECKSUM: f58af4c3953ef4e8a67ee164d1f51bd158a3c06d

COCOAPODS: 1.12.1
